Microsoft Visual Studio Solution File, Format Version 11.00
# Visual Studio 2008

Project("{D6532413-3E0B-9626-9E19-B282DBA38261}") = "05_Unity_StarWarsFont", "Assembly-CSharp.csproj", "{8ACBCBF0-BC07-DDBF-538E-FEED9ABBBECE}"
EndProject
Global
	GlobalSection(SolutionConfigurationPlatforms) = preSolution
		Debug|Any CPU = Debug|Any CPU
		Release|Any CPU = Release|Any CPU
	EndGlobalSection
	GlobalSection(ProjectConfigurationPlatforms) = postSolution
		{8ACBCBF0-BC07-DDBF-538E-FEED9ABBBECE}.Debug|Any CPU.ActiveCfg = Debug|Any CPU
		{8ACBCBF0-BC07-DDBF-538E-FEED9ABBBECE}.Debug|Any CPU.Build.0 = Debug|Any CPU
		{8ACBCBF0-BC07-DDBF-538E-FEED9ABBBECE}.Release|Any CPU.ActiveCfg = Release|Any CPU
		{8ACBCBF0-BC07-DDBF-538E-FEED9ABBBECE}.Release|Any CPU.Build.0 = Release|Any CPU
	EndGlobalSection
	GlobalSection(SolutionProperties) = preSolution
		HideSolutionNode = FALSE
	EndGlobalSection
	GlobalSection(MonoDevelopProperties) = preSolution
		StartupItem = Assembly-CSharp.csproj
	EndGlobalSection
EndGlobal
